// !$*UTF8*$!
{
	archiveVersion = 1;
	classes = {
	};
	objectVersion = 46;
	objects = {

/* Begin PBXBuildFile section */
		1FE36F721EADA651003E5325 /* AppDelegate.swift in Sources */ = {isa = PBXBuildFile; fileRef = 1FE36F711EADA651003E5325 /* AppDelegate.swift */; };
		1FE36F741EADA651003E5325 /* JournalEntriesViewController.swift in Sources */ = {isa = PBXBuildFile; fileRef = 1FE36F731EADA651003E5325 /* JournalEntriesViewController.swift */; };
		1FE36F791EADA651003E5325 /* Main.storyboard in Resources */ = {isa = PBXBuildFile; fileRef = 1FE36F771EADA651003E5325 /* Main.storyboard */; };
		1FE36F7B1EADA651003E5325 /* Assets.xcassets in Resources */ = {isa = PBXBuildFile; fileRef = 1FE36F7A1EADA651003E5325 /* Assets.xcassets */; };
		1FE36F7E1EADA651003E5325 /* LaunchScreen.storyboard in Resources */ = {isa = PBXBuildFile; fileRef = 1FE36F7C1EADA651003E5325 /* LaunchScreen.storyboard */; };
		1FE36F891EADA651003E5325 /* TripLogTests.swift in Sources */ = {isa = PBXBuildFile; fileRef = 1FE36F881EADA651003E5325 /* TripLogTests.swift */; };
		1FE36F941EADA651003E5325 /* TripLogUITests.swift in Sources */ = {isa = PBXBuildFile; fileRef = 1FE36F931EADA651003E5325 /* TripLogUITests.swift */; };
		1FE36FA21EADBF19003E5325 /* JournalEntriesTableViewCell.swift in Sources */ = {isa = PBXBuildFile; fileRef = 1FE36FA11EADBF19003E5325 /* JournalEntriesTableViewCell.swift */; };
		1FE36FA41EAE80CD003E5325 /* NewJournalViewController.swift in Sources */ = {isa = PBXBuildFile; fileRef = 1FE36FA31EAE80CD003E5325 /* NewJournalViewController.swift */; };
		5D23483A1EB16434009EB07C /* EditTripViewController.swift in Sources */ = {isa = PBXBuildFile; fileRef = 5D2348391EB16434009EB07C /* EditTripViewController.swift */; };
		5D23483C1EB1724A009EB07C /* SingleTripViewController.swift in Sources */ = {isa = PBXBuildFile; fileRef = 5D23483B1EB1724A009EB07C /* SingleTripViewController.swift */; };
		5D23483E1EB1786E009EB07C /* MapViewController.swift in Sources */ = {isa = PBXBuildFile; fileRef = 5D23483D1EB1786E009EB07C /* MapViewController.swift */; };
		5D2348401EB18F90009EB07C /* TheFixedTripsViewController.swift in Sources */ = {isa = PBXBuildFile; fileRef = 5D23483F1EB18F90009EB07C /* TheFixedTripsViewController.swift */; };
		5DBFCE7B1EAEE7D80002892C /* TripTableViewCell.swift in Sources */ = {isa = PBXBuildFile; fileRef = 5DBFCE7A1EAEE7D80002892C /* TripTableViewCell.swift */; };
		5DCD3CC41EAFCF1D00A59DE1 /* NewTripViewController.swift in Sources */ = {isa = PBXBuildFile; fileRef = 5DCD3CC31EAFCF1D00A59DE1 /* NewTripViewController.swift */; };
/* End PBXBuildFile section */

/* Begin PBXContainerItemProxy section */
		1FE36F851EADA651003E5325 /* PBXContainerItemProxy */ = {
			isa = PBXContainerItemProxy;
			containerPortal = 1FE36F661EADA651003E5325 /* Project object */;
			proxyType = 1;
			remoteGlobalIDString = 1FE36F6D1EADA651003E5325;
			remoteInfo = TripLog;
		};
		1FE36F901EADA651003E5325 /* PBXContainerItemProxy */ = {
			isa = PBXContainerItemProxy;
			containerPortal = 1FE36F661EADA651003E5325 /* Project object */;
			proxyType = 1;
			remoteGlobalIDString = 1FE36F6D1EADA651003E5325;
			remoteInfo = TripLog;
		};
/* End PBXContainerItemProxy section */

/* Begin PBXFileReference section */
		1FE36F6E1EADA651003E5325 /* TripLog.app */ = {isa = PBXFileReference; explicitFileType = wrapper.application; includeInIndex = 0; path = TripLog.app; sourceTree = BUILT_PRODUCTS_DIR; };
		1FE36F711EADA651003E5325 /* AppDelegate.swift */ = {isa = PBXFileReference; lastKnownFileType = sourcecode.swift; path = AppDelegate.swift; sourceTree = "<group>"; };
		1FE36F731EADA651003E5325 /* JournalEntriesViewController.swift */ = {isa = PBXFileReference; lastKnownFileType = sourcecode.swift; path = JournalEntriesViewController.swift; sourceTree = "<group>"; };
		1FE36F781EADA651003E5325 /* Base */ = {isa = PBXFileReference; lastKnownFileType = file.storyboard; name = Base; path = Base.lproj/Main.storyboard; sourceTree = "<group>"; };
		1FE36F7A1EADA651003E5325 /* Assets.xcassets */ = {isa = PBXFileReference; lastKnownFileType = folder.assetcatalog; path = Assets.xcassets; sourceTree = "<group>"; };
		1FE36F7D1EADA651003E5325 /* Base */ = {isa = PBXFileReference; lastKnownFileType = file.storyboard; name = Base; path = Base.lproj/LaunchScreen.storyboard; sourceTree = "<group>"; };
		1FE36F7F1EADA651003E5325 /* Info.plist */ = {isa = PBXFileReference; lastKnownFileType = text.plist.xml; path = Info.plist; sourceTree = "<group>"; };
		1FE36F841EADA651003E5325 /* TripLogTests.xctest */ = {isa = PBXFileReference; explicitFileType = wrapper.cfbundle; includeInIndex = 0; path = TripLogTests.xctest; sourceTree = BUILT_PRODUCTS_DIR; };
		1FE36F881EADA651003E5325 /* TripLogTests.swift */ = {isa = PBXFileReference; lastKnownFileType = sourcecode.swift; path = TripLogTests.swift; sourceTree = "<group>"; };
		1FE36F8A1EADA651003E5325 /* Info.plist */ = {isa = PBXFileReference; lastKnownFileType = text.plist.xml; path = Info.plist; sourceTree = "<group>"; };
		1FE36F8F1EADA651003E5325 /* TripLogUITests.xctest */ = {isa = PBXFileReference; explicitFileType = wrapper.cfbundle; includeInIndex = 0; path = TripLogUITests.xctest; sourceTree = BUILT_PRODUCTS_DIR; };
		1FE36F931EADA651003E5325 /* TripLogUITests.swift */ = {isa = PBXFileReference; lastKnownFileType = sourcecode.swift; path = TripLogUITests.swift; sourceTree = "<group>"; };
		1FE36F951EADA651003E5325 /* Info.plist */ = {isa = PBXFileReference; lastKnownFileType = text.plist.xml; path = Info.plist; sourceTree = "<group>"; };
		1FE36FA11EADBF19003E5325 /* JournalEntriesTableViewCell.swift */ = {isa = PBXFileReference; fileEncoding = 4; lastKnownFileType = sourcecode.swift; path = JournalEntriesTableViewCell.swift; sourceTree = "<group>"; };
		1FE36FA31EAE80CD003E5325 /* NewJournalViewController.swift */ = {isa = PBXFileReference; fileEncoding = 4; lastKnownFileType = sourcecode.swift; path = NewJournalViewController.swift; sourceTree = "<group>"; };
		5D2348391EB16434009EB07C /* EditTripViewController.swift */ = {isa = PBXFileReference; fileEncoding = 4; lastKnownFileType = sourcecode.swift; path = EditTripViewController.swift; sourceTree = "<group>"; };
		5D23483B1EB1724A009EB07C /* SingleTripViewController.swift */ = {isa = PBXFileReference; fileEncoding = 4; lastKnownFileType = sourcecode.swift; path = SingleTripViewController.swift; sourceTree = "<group>"; };
		5D23483D1EB1786E009EB07C /* MapViewController.swift */ = {isa = PBXFileReference; fileEncoding = 4; lastKnownFileType = sourcecode.swift; path = MapViewController.swift; sourceTree = "<group>"; };
		5D23483F1EB18F90009EB07C /* TheFixedTripsViewController.swift */ = {isa = PBXFileReference; fileEncoding = 4; lastKnownFileType = sourcecode.swift; path = TheFixedTripsViewController.swift; sourceTree = "<group>"; };
		5DBFCE7A1EAEE7D80002892C /* TripTableViewCell.swift */ = {isa = PBXFileReference; fileEncoding = 4; lastKnownFileType = sourcecode.swift; path = TripTableViewCell.swift; sourceTree = "<group>"; };
		5DCD3CC31EAFCF1D00A59DE1 /* NewTripViewController.swift */ = {isa = PBXFileReference; fileEncoding = 4; lastKnownFileType = sourcecode.swift; path = NewTripViewController.swift; sourceTree = "<group>"; };
/* End PBXFileReference section */

/* Begin PBXFrameworksBuildPhase section */
		1FE36F6B1EADA651003E5325 /* Frameworks */ = {
			isa = PBXFrameworksBuildPhase;
			buildActionMask = 2147483647;
			files = (
			);
			runOnlyForDeploymentPostprocessing = 0;
		};
		1FE36F811EADA651003E5325 /* Frameworks */ = {
			isa = PBXFrameworksBuildPhase;
			buildActionMask = 2147483647;
			files = (
			);
			runOnlyForDeploymentPostprocessing = 0;
		};
		1FE36F8C1EADA651003E5325 /* Frameworks */ = {
			isa = PBXFrameworksBuildPhase;
			buildActionMask = 2147483647;
			files = (
			);
			runOnlyForDeploymentPostprocessing = 0;
		};
/* End PBXFrameworksBuildPhase section */

/* Begin PBXGroup section */
		1FE36F651EADA651003E5325 = {
			isa = PBXGroup;
			children = (
				1FE36F701EADA651003E5325 /* TripLog */,
				1FE36F871EADA651003E5325 /* TripLogTests */,
				1FE36F921EADA651003E5325 /* TripLogUITests */,
				1FE36F6F1EADA651003E5325 /* Products */,
			);
			sourceTree = "<group>";
		};
		1FE36F6F1EADA651003E5325 /* Products */ = {
			isa = PBXGroup;
			children = (
				1FE36F6E1EADA651003E5325 /* TripLog.app */,
				1FE36F841EADA651003E5325 /* TripLogTests.xctest */,
				1FE36F8F1EADA651003E5325 /* TripLogUITests.xctest */,
			);
			name = Products;
			sourceTree = "<group>";
		};
		1FE36F701EADA651003E5325 /* TripLog */ = {
			isa = PBXGroup;
			children = (
				1FE36F711EADA651003E5325 /* AppDelegate.swift */,
				1FE36F731EADA651003E5325 /* JournalEntriesViewController.swift */,
				1FE36F771EADA651003E5325 /* Main.storyboard */,
				5D23483F1EB18F90009EB07C /* TheFixedTripsViewController.swift */,
				5D23483D1EB1786E009EB07C /* MapViewController.swift */,
				5D23483B1EB1724A009EB07C /* SingleTripViewController.swift */,
				5D2348391EB16434009EB07C /* EditTripViewController.swift */,
				5DCD3CC31EAFCF1D00A59DE1 /* NewTripViewController.swift */,
				5DBFCE7A1EAEE7D80002892C /* TripTableViewCell.swift */,
				1FE36FA31EAE80CD003E5325 /* NewJournalViewController.swift */,
				1FE36FA11EADBF19003E5325 /* JournalEntriesTableViewCell.swift */,
				1FE36F7A1EADA651003E5325 /* Assets.xcassets */,
				1FE36F7C1EADA651003E5325 /* LaunchScreen.storyboard */,
				1FE36F7F1EADA651003E5325 /* Info.plist */,
			);
			path = TripLog;
			sourceTree = "<group>";
		};
		1FE36F871EADA651003E5325 /* TripLogTests */ = {
			isa = PBXGroup;
			children = (
				1FE36F881EADA651003E5325 /* TripLogTests.swift */,
				1FE36F8A1EADA651003E5325 /* Info.plist */,
			);
			path = TripLogTests;
			sourceTree = "<group>";
		};
		1FE36F921EADA651003E5325 /* TripLogUITests */ = {
			isa = PBXGroup;
			children = (
				1FE36F931EADA651003E5325 /* TripLogUITests.swift */,
				1FE36F951EADA651003E5325 /* Info.plist */,
			);
			path = TripLogUITests;
			sourceTree = "<group>";
		};
/* End PBXGroup section */

/* Begin PBXNativeTarget section */
		1FE36F6D1EADA651003E5325 /* TripLog */ = {
			isa = PBXNativeTarget;
			buildConfigurationList = 1FE36F981EADA651003E5325 /* Build configuration list for PBXNativeTarget "TripLog" */;
			buildPhases = (
				1FE36F6A1EADA651003E5325 /* Sources */,
				1FE36F6B1EADA651003E5325 /* Frameworks */,
				1FE36F6C1EADA651003E5325 /* Resources */,
			);
			buildRules = (
			);
			dependencies = (
			);
			name = TripLog;
			productName = TripLog;
			productReference = 1FE36F6E1EADA651003E5325 /* TripLog.app */;
			productType = "com.apple.product-type.application";
		};
		1FE36F831EADA651003E5325 /* TripLogTests */ = {
			isa = PBXNativeTarget;
			buildConfigurationList = 1FE36F9B1EADA651003E5325 /* Build configuration list for PBXNativeTarget "TripLogTests" */;
			buildPhases = (
				1FE36F801EADA651003E5325 /* Sources */,
				1FE36F811EADA651003E5325 /* Frameworks */,
				1FE36F821EADA651003E5325 /* Resources */,
			);
			buildRules = (
			);
			dependencies = (
				1FE36F861EADA651003E5325 /* PBXTargetDependency */,
			);
			name = TripLogTests;
			productName = TripLogTests;
			productReference = 1FE36F841EADA651003E5325 /* TripLogTests.xctest */;
			productType = "com.apple.product-type.bundle.unit-test";
		};
		1FE36F8E1EADA651003E5325 /* TripLogUITests */ = {
			isa = PBXNativeTarget;
			buildConfigurationList = 1FE36F9E1EADA651003E5325 /* Build configuration list for PBXNativeTarget "TripLogUITests" */;
			buildPhases = (
				1FE36F8B1EADA651003E5325 /* Sources */,
				1FE36F8C1EADA651003E5325 /* Frameworks */,
				1FE36F8D1EADA651003E5325 /* Resources */,
			);
			buildRules = (
			);
			dependencies = (
				1FE36F911EADA651003E5325 /* PBXTargetDependency */,
			);
			name = TripLogUITests;
			productName = TripLogUITests;
			productReference = 1FE36F8F1EADA651003E5325 /* TripLogUITests.xctest */;
			productType = "com.apple.product-type.bundle.ui-testing";
		};
/* End PBXNativeTarget section */

/* Begin PBXProject section */
		1FE36F661EADA651003E5325 /* Project object */ = {
			isa = PBXProject;
			attributes = {
				LastSwiftUpdateCheck = 0830;
				LastUpgradeCheck = 0830;
				ORGANIZATIONNAME = CS466;
				TargetAttributes = {
					1FE36F6D1EADA651003E5325 = {
						CreatedOnToolsVersion = 8.3.2;
						DevelopmentTeam = NCMLUGS6E6;
						ProvisioningStyle = Automatic;
					};
					1FE36F831EADA651003E5325 = {
						CreatedOnToolsVersion = 8.3.2;
						ProvisioningStyle = Automatic;
						TestTargetID = 1FE36F6D1EADA651003E5325;
					};
					1FE36F8E1EADA651003E5325 = {
						CreatedOnToolsVersion = 8.3.2;
						ProvisioningStyle = Automatic;
						TestTargetID = 1FE36F6D1EADA651003E5325;
					};
				};
			};
			buildConfigurationList = 1FE36F691EADA651003E5325 /* Build configuration list for PBXProject "TripLog" */;
			compatibilityVersion = "Xcode 3.2";
			developmentRegion = English;
			hasScannedForEncodings = 0;
			knownRegions = (
				en,
				Base,
			);
			mainGroup = 1FE36F651EADA651003E5325;
			productRefGroup = 1FE36F6F1EADA651003E5325 /* Products */;
			projectDirPath = "";
			projectRoot = "";
			targets = (
				1FE36F6D1EADA651003E5325 /* TripLog */,
				1FE36F831EADA651003E5325 /* TripLogTests */,
				1FE36F8E1EADA651003E5325 /* TripLogUITests */,
			);
		};
/* End PBXProject section */

/* Begin PBXResourcesBuildPhase section */
		1FE36F6C1EADA651003E5325 /* Resources */ = {
			isa = PBXResourcesBuildPhase;
			buildActionMask = 2147483647;
			files = (
				1FE36F7E1EADA651003E5325 /* LaunchScreen.storyboard in Resources */,
				1FE36F7B1EADA651003E5325 /* Assets.xcassets in Resources */,
				1FE36F791EADA651003E5325 /* Main.storyboard in Resources */,
			);
			runOnlyForDeploymentPostprocessing = 0;
		};
		1FE36F821EADA651003E5325 /* Resources */ = {
			isa = PBXResourcesBuildPhase;
			buildActionMask = 2147483647;
			files = (
			);
			runOnlyForDeploymentPostprocessing = 0;
		};
		1FE36F8D1EADA651003E5325 /* Resources */ = {
			isa = PBXResourcesBuildPhase;
			buildActionMask = 2147483647;
			files = (
			);
			runOnlyForDeploymentPostprocessing = 0;
		};
/* End PBXResourcesBuildPhase section */

/* Begin PBXSourcesBuildPhase section */
		1FE36F6A1EADA651003E5325 /* Sources */ = {
			isa = PBXSourcesBuildPhase;
			buildActionMask = 2147483647;
			files = (
				5DBFCE7B1EAEE7D80002892C /* TripTableViewCell.swift in Sources */,
				1FE36FA21EADBF19003E5325 /* JournalEntriesTableViewCell.swift in Sources */,
				5D23483E1EB1786E009EB07C /* MapViewController.swift in Sources */,
				5D23483A1EB16434009EB07C /* EditTripViewController.swift in Sources */,
				1FE36FA41EAE80CD003E5325 /* NewJournalViewController.swift in Sources */,
				1FE36F721EADA651003E5325 /* AppDelegate.swift in Sources */,
				5D2348401EB18F90009EB07C /* TheFixedTripsViewController.swift in Sources */,
				5DCD3CC41EAFCF1D00A59DE1 /* NewTripViewController.swift in Sources */,
				1FE36F741EADA651003E5325 /* JournalEntriesViewController.swift in Sources */,
				5D23483C1EB1724A009EB07C /* SingleTripViewController.swift in Sources */,
			);
			runOnlyForDeploymentPostprocessing = 0;
		};
		1FE36F801EADA651003E5325 /* Sources */ = {
			isa = PBXSourcesBuildPhase;
			buildActionMask = 2147483647;
			files = (
				1FE36F891EADA651003E5325 /* TripLogTests.swift in Sources */,
			);
			runOnlyForDeploymentPostprocessing = 0;
		};
		1FE36F8B1EADA651003E5325 /* Sources */ = {
			isa = PBXSourcesBuildPhase;
			buildActionMask = 2147483647;
			files = (
				1FE36F941EADA651003E5325 /* TripLogUITests.swift in Sources */,
			);
			runOnlyForDeploymentPostprocessing = 0;
		};
/* End PBXSourcesBuildPhase section */

/* Begin PBXTargetDependency section */
		1FE36F861EADA651003E5325 /* PBXTargetDependency */ = {
			isa = PBXTargetDependency;
			target = 1FE36F6D1EADA651003E5325 /* TripLog */;
			targetProxy = 1FE36F851EADA651003E5325 /* PBXContainerItemProxy */;
		};
		1FE36F911EADA651003E5325 /* PBXTargetDependency */ = {
			isa = PBXTargetDependency;
			target = 1FE36F6D1EADA651003E5325 /* TripLog */;
			targetProxy = 1FE36F901EADA651003E5325 /* PBXContainerItemProxy */;
		};
/* End PBXTargetDependency section */

/* Begin PBXVariantGroup section */
		1FE36F771EADA651003E5325 /* Main.storyboard */ = {
			isa = PBXVariantGroup;
			children = (
				1FE36F781EADA651003E5325 /* Base */,
			);
			name = Main.storyboard;
			sourceTree = "<group>";
		};
		1FE36F7C1EADA651003E5325 /* LaunchScreen.storyboard */ = {
			isa = PBXVariantGroup;
			children = (
				1FE36F7D1EADA651003E5325 /* Base */,
			);
			name = LaunchScreen.storyboard;
			sourceTree = "<group>";
		};
/* End PBXVariantGroup section */

/* Begin XCBuildConfiguration section */
		1FE36F961EADA651003E5325 /* Debug */ = {
			isa = XCBuildConfiguration;
			buildSettings = {
				ALWAYS_SEARCH_USER_PATHS = NO;
				CLANG_ANALYZER_NONNULL = YES;
				CLANG_ANALYZER_NUMBER_OBJECT_CONVERSION = YES_AGGRESSIVE;
				CLANG_CXX_LANGUAGE_STANDARD = "gnu++0x";
				CLANG_CXX_LIBRARY = "libc++";
				CLANG_ENABLE_MODULES = YES;
				CLANG_ENABLE_OBJC_ARC = YES;
				CLANG_WARN_BOOL_CONVERSION = YES;
				CLANG_WARN_CONSTANT_CONVERSION = YES;
				CLANG_WARN_DIRECT_OBJC_ISA_USAGE = YES_ERROR;
				CLANG_WARN_DOCUMENTATION_COMMENTS = YES;
				CLANG_WARN_EMPTY_BODY = YES;
				CLANG_WARN_ENUM_CONVERSION = YES;
				CLANG_WARN_INFINITE_RECURSION = YES;
				CLANG_WARN_INT_CONVERSION = YES;
				CLANG_WARN_OBJC_ROOT_CLASS = YES_ERROR;
				CLANG_WARN_SUSPICIOUS_MOVE = YES;
				CLANG_WARN_UNREACHABLE_CODE = YES;
				CLANG_WARN__DUPLICATE_METHOD_MATCH = YES;
				"CODE_SIGN_IDENTITY[sdk=iphoneos*]" = "iPhone Developer";
				COPY_PHASE_STRIP = NO;
				DEBUG_INFORMATION_FORMAT = dwarf;
				ENABLE_STRICT_OBJC_MSGSEND = YES;
				ENABLE_TESTABILITY = YES;
				GCC_C_LANGUAGE_STANDARD = gnu99;
				GCC_DYNAMIC_NO_PIC = NO;
				GCC_NO_COMMON_BLOCKS = YES;
				GCC_OPTIMIZATION_LEVEL = 0;
				GCC_PREPROCESSOR_DEFINITIONS = (
					"DEBUG=1",
					"$(inherited)",
				);
				GCC_WARN_64_TO_32_BIT_CONVERSION = YES;
				GCC_WARN_ABOUT_RETURN_TYPE = YES_ERROR;
				GCC_WARN_UNDECLARED_SELECTOR = YES;
				GCC_WARN_UNINITIALIZED_AUTOS = YES_AGGRESSIVE;
				GCC_WARN_UNUSED_FUNCTION = YES;
				GCC_WARN_UNUSED_VARIABLE = YES;
				IPHONEOS_DEPLOYMENT_TARGET = 10.3;
				MTL_ENABLE_DEBUG_INFO = YES;
				ONLY_ACTIVE_ARCH = YES;
				SDKROOT = iphoneos;
				SWIFT_ACTIVE_COMPILATION_CONDITIONS = DEBUG;
				SWIFT_OPTIMIZATION_LEVEL = "-Onone";
				TARGETED_DEVICE_FAMILY = "1,2";
			};
			name = Debug;
		};
		1FE36F971EADA651003E5325 /* Release */ = {
			isa = XCBuildConfiguration;
			buildSettings = {
				ALWAYS_SEARCH_USER_PATHS = NO;
				CLANG_ANALYZER_NONNULL = YES;
				CLANG_ANALYZER_NUMBER_OBJECT_CONVERSION = YES_AGGRESSIVE;
				CLANG_CXX_LANGUAGE_STANDARD = "gnu++0x";
				CLANG_CXX_LIBRARY = "libc++";
				CLANG_ENABLE_MODULES = YES;
				CLANG_ENABLE_OBJC_ARC = YES;
				CLANG_WARN_BOOL_CONVERSION = YES;
				CLANG_WARN_CONSTANT_CONVERSION = YES;
				CLANG_WARN_DIRECT_OBJC_ISA_USAGE = YES_ERROR;
				CLANG_WARN_DOCUMENTATION_COMMENTS = YES;
				CLANG_WARN_EMPTY_BODY = YES;
				CLANG_WARN_ENUM_CONVERSION = YES;
				CLANG_WARN_INFINITE_RECURSION = YES;
				CLANG_WARN_INT_CONVERSION = YES;
				CLANG_WARN_OBJC_ROOT_CLASS = YES_ERROR;
				CLANG_WARN_SUSPICIOUS_MOVE = YES;
				CLANG_WARN_UNREACHABLE_CODE = YES;
				CLANG_WARN__DUPLICATE_METHOD_MATCH = YES;
				"CODE_SIGN_IDENTITY[sdk=iphoneos*]" = "iPhone Developer";
				COPY_PHASE_STRIP = NO;
				DEBUG_INFORMATION_FORMAT = "dwarf-with-dsym";
				ENABLE_NS_ASSERTIONS = NO;
				ENABLE_STRICT_OBJC_MSGSEND = YES;
				GCC_C_LANGUAGE_STANDARD = gnu99;
				GCC_NO_COMMON_BLOCKS = YES;
				GCC_WARN_64_TO_32_BIT_CONVERSION = YES;
				GCC_WARN_ABOUT_RETURN_TYPE = YES_ERROR;
				GCC_WARN_UNDECLARED_SELECTOR = YES;
				GCC_WARN_UNINITIALIZED_AUTOS = YES_AGGRESSIVE;
				GCC_WARN_UNUSED_FUNCTION = YES;
				GCC_WARN_UNUSED_VARIABLE = YES;
				IPHONEOS_DEPLOYMENT_TARGET = 10.3;
				MTL_ENABLE_DEBUG_INFO = NO;
				SDKROOT = iphoneos;
				SWIFT_OPTIMIZATION_LEVEL = "-Owholemodule";
				TARGETED_DEVICE_FAMILY = "1,2";
				VALIDATE_PRODUCT = YES;
			};
			name = Release;
		};
		1FE36F991EADA651003E5325 /* Debug */ = {
			isa = XCBuildConfiguration;
			buildSettings = {
				ASSETCATALOG_COMPILER_APPICON_NAME = AppIcon;
				DEVELOPMENT_TEAM = NCMLUGS6E6;
				INFOPLIST_FILE = TripLog/Info.plist;
				IPHONEOS_DEPLOYMENT_TARGET = 10.2;
				LD_RUNPATH_SEARCH_PATHS = "$(inherited) @executable_path/Frameworks";
				PRODUCT_BUNDLE_IDENTIFIER = cs466.TripLog;
				PRODUCT_NAME = "$(TARGET_NAME)";
				SWIFT_VERSION = 3.0;
			};
			name = Debug;
		};
		1FE36F9A1EADA651003E5325 /* Release */ = {
			isa = XCBuildConfiguration;
			buildSettings = {
				ASSETCATALOG_COMPILER_APPICON_NAME = AppIcon;
				DEVELOPMENT_TEAM = NCMLUGS6E6;
				INFOPLIST_FILE = TripLog/Info.plist;
				IPHONEOS_DEPLOYMENT_TARGET = 10.2;
				LD_RUNPATH_SEARCH_PATHS = "$(inherited) @executable_path/Frameworks";
				PRODUCT_BUNDLE_IDENTIFIER = cs466.TripLog;
				PRODUCT_NAME = "$(TARGET_NAME)";
				SWIFT_VERSION = 3.0;
			};
			name = Release;
		};
		1FE36F9C1EADA651003E5325 /* Debug */ = {
			isa = XCBuildConfiguration;
			buildSettings = {
				ALWAYS_EMBED_SWIFT_STANDARD_LIBRARIES = YES;
				BUNDLE_LOADER = "$(TEST_HOST)";
				INFOPLIST_FILE = TripLogTests/Info.plist;
				LD_RUNPATH_SEARCH_PATHS = "$(inherited) @executable_path/Frameworks @loader_path/Frameworks";
				PRODUCT_BUNDLE_IDENTIFIER = cs466.TripLogTests;
				PRODUCT_NAME = "$(TARGET_NAME)";
				SWIFT_VERSION = 3.0;
				TEST_HOST = "$(BUILT_PRODUCTS_DIR)/TripLog.app/TripLog";
			};
			name = Debug;
		};
		1FE36F9D1EADA651003E5325 /* Release */ = {
			isa = XCBuildConfiguration;
			buildSettings = {
				ALWAYS_EMBED_SWIFT_STANDARD_LIBRARIES = YES;
				BUNDLE_LOADER = "$(TEST_HOST)";
				INFOPLIST_FILE = TripLogTests/Info.plist;
				LD_RUNPATH_SEARCH_PATHS = "$(inherited) @executable_path/Frameworks @loader_path/Frameworks";
				PRODUCT_BUNDLE_IDENTIFIER = cs466.TripLogTests;
				PRODUCT_NAME = "$(TARGET_NAME)";
				SWIFT_VERSION = 3.0;
				TEST_HOST = "$(BUILT_PRODUCTS_DIR)/TripLog.app/TripLog";
			};
			name = Release;
		};
		1FE36F9F1EADA651003E5325 /* Debug */ = {
			isa = XCBuildConfiguration;
			buildSettings = {
				ALWAYS_EMBED_SWIFT_STANDARD_LIBRARIES = YES;
				INFOPLIST_FILE = TripLogUITests/Info.plist;
				LD_RUNPATH_SEARCH_PATHS = "$(inherited) @executable_path/Frameworks @loader_path/Frameworks";
				PRODUCT_BUNDLE_IDENTIFIER = cs466.TripLogUITests;
				PRODUCT_NAME = "$(TARGET_NAME)";
				SWIFT_VERSION = 3.0;
				TEST_TARGET_NAME = TripLog;
			};
			name = Debug;
		};
		1FE36FA01EADA651003E5325 /* Release */ = {
			isa = XCBuildConfiguration;
			buildSettings = {
				ALWAYS_EMBED_SWIFT_STANDARD_LIBRARIES = YES;
				INFOPLIST_FILE = TripLogUITests/Info.plist;
				LD_RUNPATH_SEARCH_PATHS = "$(inherited) @executable_path/Frameworks @loader_path/Frameworks";
				PRODUCT_BUNDLE_IDENTIFIER = cs466.TripLogUITests;
				PRODUCT_NAME = "$(TARGET_NAME)";
				SWIFT_VERSION = 3.0;
				TEST_TARGET_NAME = TripLog;
			};
			name = Release;
		};
/* End XCBuildConfiguration section */

/* Begin XCConfigurationList section */
		1FE36F691EADA651003E5325 /* Build configuration list for PBXProject "TripLog" */ = {
			isa = XCConfigurationList;
			buildConfigurations = (
				1FE36F961EADA651003E5325 /* Debug */,
				1FE36F971EADA651003E5325 /* Release */,
			);
			defaultConfigurationIsVisible = 0;
			defaultConfigurationName = Release;
		};
		1FE36F981EADA651003E5325 /* Build configuration list for PBXNativeTarget "TripLog" */ = {
			isa = XCConfigurationList;
			buildConfigurations = (
				1FE36F991EADA651003E5325 /* Debug */,
				1FE36F9A1EADA651003E5325 /* Release */,
			);
			defaultConfigurationIsVisible = 0;
			defaultConfigurationName = Release;
		};
		1FE36F9B1EADA651003E5325 /* Build configuration list for PBXNativeTarget "TripLogTests" */ = {
			isa = XCConfigurationList;
			buildConfigurations = (
				1FE36F9C1EADA651003E5325 /* Debug */,
				1FE36F9D1EADA651003E5325 /* Release */,
			);
			defaultConfigurationIsVisible = 0;
			defaultConfigurationName = Release;
		};
		1FE36F9E1EADA651003E5325 /* Build configuration list for PBXNativeTarget "TripLogUITests" */ = {
			isa = XCConfigurationList;
			buildConfigurations = (
				1FE36F9F1EADA651003E5325 /* Debug */,
				1FE36FA01EADA651003E5325 /* Release */,
			);
			defaultConfigurationIsVisible = 0;
			defaultConfigurationName = Release;
		};
/* End XCConfigurationList section */
	};
	rootObject = 1FE36F661EADA651003E5325 /* Project object */;
}
